
Microsoft Visual Studio Solution File, Format Version 12.00
# Visual Studio Version 17
VisualStudioVersion = 17.0.31903.59
MinimumVisualStudioVersion = 10.0.40219.1
Project("{2150E333-8FDC-42A3-9474-1A3956D46DE8}") = "src", "src", "{7C063245-0CC1-420E-86C8-4C8F6A08EF3B}"
EndProject
Project("{FAE04EC0-301F-11D3-BF4B-00C04F79EFBC}") = "ELK.Demo.WebApi", "src\ELK.Demo.WebApi\ELK.Demo.WebApi.csproj", "{D4695053-EF07-474A-AE17-F27A20DBAA9C}"
EndProject
Global
	GlobalSection(SolutionConfigurationPlatforms) = preSolution
		Debug|Any CPU = Debug|Any CPU
		Release|Any CPU = Release|Any CPU
	EndGlobalSection
	GlobalSection(SolutionProperties) = preSolution
		HideSolutionNode = FALSE
	EndGlobalSection
	GlobalSection(ProjectConfigurationPlatforms) = postSolution
		{D4695053-EF07-474A-AE17-F27A20DBAA9C}.Debug|Any CPU.ActiveCfg = Debug|Any CPU
		{D4695053-EF07-474A-AE17-F27A20DBAA9C}.Debug|Any CPU.Build.0 = Debug|Any CPU
		{D4695053-EF07-474A-AE17-F27A20DBAA9C}.Release|Any CPU.ActiveCfg = Release|Any CPU
		{D4695053-EF07-474A-AE17-F27A20DBAA9C}.Release|Any CPU.Build.0 = Release|Any CPU
	EndGlobalSection
	GlobalSection(NestedProjects) = preSolution
		{D4695053-EF07-474A-AE17-F27A20DBAA9C} = {7C063245-0CC1-420E-86C8-4C8F6A08EF3B}
	EndGlobalSection
EndGlobal
